
Microsoft Visual Studio Solution File, Format Version 12.00
# Visual Studio Version 16
VisualStudioVersion = 16.0.30717.126
MinimumVisualStudioVersion = 10.0.40219.1
Project("{FAE04EC0-301F-11D3-BF4B-00C04F79EFBC}") = "Q2", "Q2\Q2.csproj", "{38D38F92-7009-4E0E-9A83-3C5C9ADEC27F}"
EndProject
Global
	GlobalSection(SolutionConfigurationPlatforms) = preSolution
		Debug|Any CPU = Debug|Any CPU
		Release|Any CPU = Release|Any CPU
	EndGlobalSection
	GlobalSection(ProjectConfigurationPlatforms) = postSolution
		{38D38F92-7009-4E0E-9A83-3C5C9ADEC27F}.Debug|Any CPU.ActiveCfg = Debug|Any CPU
		{38D38F92-7009-4E0E-9A83-3C5C9ADEC27F}.Debug|Any CPU.Build.0 = Debug|Any CPU
		{38D38F92-7009-4E0E-9A83-3C5C9ADEC27F}.Release|Any CPU.ActiveCfg = Release|Any CPU
		{38D38F92-7009-4E0E-9A83-3C5C9ADEC27F}.Release|Any CPU.Build.0 = Release|Any CPU
	EndGlobalSection
	GlobalSection(SolutionProperties) = preSolution
		HideSolutionNode = FALSE
	EndGlobalSection
	GlobalSection(ExtensibilityGlobals) = postSolution
		SolutionGuid = {A1426292-D7F7-4AF5-92E1-8A6A289E86F2}
	EndGlobalSection
EndGlobal
